
Microsoft Visual Studio Solution File, Format Version 12.00
# Visual Studio 15
VisualStudioVersion = 15.0.26730.12
MinimumVisualStudioVersion = 10.0.40219.1
Project("{FAE04EC0-301F-11D3-BF4B-00C04F79EFBC}") = "graphs test", "graphs test\graphs test.csproj", "{4F90011D-6C38-46FD-8F91-69A484D4F500}"
EndProject
Global
	GlobalSection(SolutionConfigurationPlatforms) = preSolution
		Debug|Any CPU = Debug|Any CPU
		Release|Any CPU = Release|Any CPU
	EndGlobalSection
	GlobalSection(ProjectConfigurationPlatforms) = postSolution
		{4F90011D-6C38-46FD-8F91-69A484D4F500}.Debug|Any CPU.ActiveCfg = Debug|Any CPU
		{4F90011D-6C38-46FD-8F91-69A484D4F500}.Debug|Any CPU.Build.0 = Debug|Any CPU
		{4F90011D-6C38-46FD-8F91-69A484D4F500}.Release|Any CPU.ActiveCfg = Release|Any CPU
		{4F90011D-6C38-46FD-8F91-69A484D4F500}.Release|Any CPU.Build.0 = Release|Any CPU
	EndGlobalSection
	GlobalSection(SolutionProperties) = preSolution
		HideSolutionNode = FALSE
	EndGlobalSection
	GlobalSection(ExtensibilityGlobals) = postSolution
		SolutionGuid = {274F0D29-84EA-4AF6-A361-C31F022546C3}
	EndGlobalSection
EndGlobal
